
Microsoft Visual Studio Solution File, Format Version 12.00
# Visual Studio 15
Project("{FAE04EC0-301F-11D3-BF4B-00C04F79EFBC}") = "spine-unity-examples", "spine-unity-examples.csproj", "{722E6270-2205-F68D-73F4-58AA5161F47B}"
EndProject
Project("{FAE04EC0-301F-11D3-BF4B-00C04F79EFBC}") = "spine-unity", "spine-unity.csproj", "{C9158EDF-CBFA-3F53-C130-588751BC1FCD}"
EndProject
Project("{FAE04EC0-301F-11D3-BF4B-00C04F79EFBC}") = "Assembly-CSharp", "Assembly-CSharp.csproj", "{A7DB0601-0F58-560A-4A28-AC2B0F749328}"
EndProject
Project("{FAE04EC0-301F-11D3-BF4B-00C04F79EFBC}") = "spine-unity-editor", "spine-unity-editor.csproj", "{A3002AF0-238E-8F14-2068-57A3518F2C93}"
EndProject
Project("{FAE04EC0-301F-11D3-BF4B-00C04F79EFBC}") = "spine-unity-examples-editor", "spine-unity-examples-editor.csproj", "{3D783270-ADDA-8309-931A-4A995589D93C}"
EndProject
Global
	GlobalSection(SolutionConfigurationPlatforms) = preSolution
		Debug|Any CPU = Debug|Any CPU
		Release|Any CPU = Release|Any CPU
	EndGlobalSection
	GlobalSection(ProjectConfigurationPlatforms) = postSolution
		{722E6270-2205-F68D-73F4-58AA5161F47B}.Debug|Any CPU.ActiveCfg = Debug|Any CPU
		{722E6270-2205-F68D-73F4-58AA5161F47B}.Debug|Any CPU.Build.0 = Debug|Any CPU
		{722E6270-2205-F68D-73F4-58AA5161F47B}.Release|Any CPU.ActiveCfg = Release|Any CPU
		{722E6270-2205-F68D-73F4-58AA5161F47B}.Release|Any CPU.Build.0 = Release|Any CPU
		{C9158EDF-CBFA-3F53-C130-588751BC1FCD}.Debug|Any CPU.ActiveCfg = Debug|Any CPU
		{C9158EDF-CBFA-3F53-C130-588751BC1FCD}.Debug|Any CPU.Build.0 = Debug|Any CPU
		{C9158EDF-CBFA-3F53-C130-588751BC1FCD}.Release|Any CPU.ActiveCfg = Release|Any CPU
		{C9158EDF-CBFA-3F53-C130-588751BC1FCD}.Release|Any CPU.Build.0 = Release|Any CPU
		{A7DB0601-0F58-560A-4A28-AC2B0F749328}.Debug|Any CPU.ActiveCfg = Debug|Any CPU
		{A7DB0601-0F58-560A-4A28-AC2B0F749328}.Debug|Any CPU.Build.0 = Debug|Any CPU
		{A7DB0601-0F58-560A-4A28-AC2B0F749328}.Release|Any CPU.ActiveCfg = Release|Any CPU
		{A7DB0601-0F58-560A-4A28-AC2B0F749328}.Release|Any CPU.Build.0 = Release|Any CPU
		{A3002AF0-238E-8F14-2068-57A3518F2C93}.Debug|Any CPU.ActiveCfg = Debug|Any CPU
		{A3002AF0-238E-8F14-2068-57A3518F2C93}.Debug|Any CPU.Build.0 = Debug|Any CPU
		{A3002AF0-238E-8F14-2068-57A3518F2C93}.Release|Any CPU.ActiveCfg = Release|Any CPU
		{A3002AF0-238E-8F14-2068-57A3518F2C93}.Release|Any CPU.Build.0 = Release|Any CPU
		{3D783270-ADDA-8309-931A-4A995589D93C}.Debug|Any CPU.ActiveCfg = Debug|Any CPU
		{3D783270-ADDA-8309-931A-4A995589D93C}.Debug|Any CPU.Build.0 = Debug|Any CPU
		{3D783270-ADDA-8309-931A-4A995589D93C}.Release|Any CPU.ActiveCfg = Release|Any CPU
		{3D783270-ADDA-8309-931A-4A995589D93C}.Release|Any CPU.Build.0 = Release|Any CPU
	EndGlobalSection
	GlobalSection(SolutionProperties) = preSolution
		HideSolutionNode = FALSE
	EndGlobalSection
EndGlobal
